{
  "name": "@shinsenter/defer.js",
  "version": "2.2.0",
  "lockfileVersion": 2,
  "requires": true,
  "packages": {
    "": {
      "name": "@shinsenter/defer.js",
      "version": "2.2.0",
      "license": "MIT",
      "devDependencies": {
        "intersection-observer": "latest"
      }
    },
    "node_modules/intersection-observer": {
      "version": "0.12.0",
      "resolved": "https://registry.npmjs.org/intersection-observer/-/intersection-observer-0.12.0.tgz",
      "integrity": "sha512-2Vkz8z46Dv401zTWudDGwO7KiGHNDkMv417T5ItcNYfmvHR/1qCTVBO9vwH8zZmQ0WkA/1ARwpysR9bsnop4NQ==",
      "dev": true
    }
  },
  "dependencies": {
    "intersection-observer": {
      "version": "0.12.0",
      "resolved": "https://registry.npmjs.org/intersection-observer/-/intersection-observer-0.12.0.tgz",
      "integrity": "sha512-2Vkz8z46Dv401zTWudDGwO7KiGHNDkMv417T5ItcNYfmvHR/1qCTVBO9vwH8zZmQ0WkA/1ARwpysR9bsnop4NQ==",
      "dev": true
    }
  }
}
