{
  "name": "@shinsenter/defer.js",
  "version": "3.9.0",
  "lockfileVersion": 3,
  "requires": true,
  "packages": {
    "": {
      "name": "@shinsenter/defer.js",
      "version": "3.9.0",
      "funding": [
        {
          "type": "github",
          "url": "https://code.shin.company/defer.js/stargazers"
        },
        {
          "type": "paypal",
          "url": "https://www.paypal.me/shinsenter"
        }
      ],
      "license": "MIT",
      "workspaces": [
        "dist/"
      ],
      "devDependencies": {
        "intersection-observer": "latest"
      }
    },
    "node_modules/intersection-observer": {
      "version": "0.12.2",
      "resolved": "https://registry.npmjs.org/intersection-observer/-/intersection-observer-0.12.2.tgz",
      "integrity": "sha512-7m1vEcPCxXYI8HqnL8CKI6siDyD+eIWSwgB3DZA+ZTogxk9I4CDnj4wilt9x/+/QbHI4YG5YZNmC6458/e9Ktg==",
      "dev": true,
      "license": "Apache-2.0"
    }
  }
}
